
Microsoft Visual Studio Solution File, Format Version 12.00
Project("{FAE04EC0-301F-11D3-BF4B-00C04F79EFBC}") = "LuegenGame-Backend", "LuegenGame-Backend.csproj", "{4F651E5E-E2A6-4F5C-A513-D9CDBF04156C}"
EndProject
Global
	GlobalSection(SolutionConfigurationPlatforms) = preSolution
		Debug|Any CPU = Debug|Any CPU
		Release|Any CPU = Release|Any CPU
	EndGlobalSection
	GlobalSection(ProjectConfigurationPlatforms) = postSolution
		{4F651E5E-E2A6-4F5C-A513-D9CDBF04156C}.Debug|Any CPU.ActiveCfg = Debug|Any CPU
		{4F651E5E-E2A6-4F5C-A513-D9CDBF04156C}.Debug|Any CPU.Build.0 = Debug|Any CPU
		{4F651E5E-E2A6-4F5C-A513-D9CDBF04156C}.Release|Any CPU.ActiveCfg = Release|Any CPU
		{4F651E5E-E2A6-4F5C-A513-D9CDBF04156C}.Release|Any CPU.Build.0 = Release|Any CPU
	EndGlobalSection
EndGlobal
